{
  "pins" : [
    {
      "identity" : "swift-syntax",
      "kind" : "remoteSourceControl",
      "location" : "https://github.com/apple/swift-syntax.git",
      "state" : {
        "branch" : "main",
        "revision" : "49b3bbdf3b7b044f2a512c67bdb2da0bbd31342f"
      }
    }
  ],
  "version" : 2
}
