{
  "pins" : [
    {
      "identity" : "swift-syntax",
      "kind" : "remoteSourceControl",
      "location" : "https://github.com/apple/swift-syntax.git",
      "state" : {
        "branch" : "main",
        "revision" : "a2c99c01dadf21eb1a676e2b6f0cf30206244b87"
      }
    }
  ],
  "version" : 2
}
