// !$*UTF8*$!
{
	archiveVersion = 1;
	classes = {
	};
	objectVersion = 56;
	objects = {

/* Begin PBXBuildFile section */
		0AC8E5EA2A136B62007F401A /* AppDelegate.swift in Sources */ = {isa = PBXBuildFile; fileRef = 0AC8E5E92A136B62007F401A /* AppDelegate.swift */; };
		0AC8E5EC2A136B62007F401A /* SceneDelegate.swift in Sources */ = {isa = PBXBuildFile; fileRef = 0AC8E5EB2A136B62007F401A /* SceneDelegate.swift */; };
		0AC8E5EE2A136B62007F401A /* ViewController.swift in Sources */ = {isa = PBXBuildFile; fileRef = 0AC8E5ED2A136B62007F401A /* ViewController.swift */; };
		0AC8E5F12A136B62007F401A /* Main.storyboard in Resources */ = {isa = PBXBuildFile; fileRef = 0AC8E5EF2A136B62007F401A /* Main.storyboard */; };
		0AC8E5F32A136B62007F401A /* Assets.xcassets in Resources */ = {isa = PBXBuildFile; fileRef = 0AC8E5F22A136B62007F401A /* Assets.xcassets */; };
		0AC8E5F62A136B62007F401A /* LaunchScreen.storyboard in Resources */ = {isa = PBXBuildFile; fileRef = 0AC8E5F42A136B62007F401A /* LaunchScreen.storyboard */; };
		CCA3139313524B276E3E0076 /* Pods_HalleyCocoaPodExample.framework in Frameworks */ = {isa = PBXBuildFile; fileRef = BD72A6F5A4275D341C29147B /* Pods_HalleyCocoaPodExample.framework */; };
/* End PBXBuildFile section */

/* Begin PBXFileReference section */
		0AC8E5E62A136B62007F401A /* HalleyCocoaPodExample.app */ = {isa = PBXFileReference; explicitFileType = wrapper.application; includeInIndex = 0; path = HalleyCocoaPodExample.app; sourceTree = BUILT_PRODUCTS_DIR; };
		0AC8E5E92A136B62007F401A /* AppDelegate.swift */ = {isa = PBXFileReference; lastKnownFileType = sourcecode.swift; path = AppDelegate.swift; sourceTree = "<group>"; };
		0AC8E5EB2A136B62007F401A /* SceneDelegate.swift */ = {isa = PBXFileReference; lastKnownFileType = sourcecode.swift; path = SceneDelegate.swift; sourceTree = "<group>"; };
		0AC8E5ED2A136B62007F401A /* ViewController.swift */ = {isa = PBXFileReference; lastKnownFileType = sourcecode.swift; path = ViewController.swift; sourceTree = "<group>"; };
		0AC8E5F02A136B62007F401A /* Base */ = {isa = PBXFileReference; lastKnownFileType = file.storyboard; name = Base; path = Base.lproj/Main.storyboard; sourceTree = "<group>"; };
		0AC8E5F22A136B62007F401A /* Assets.xcassets */ = {isa = PBXFileReference; lastKnownFileType = folder.assetcatalog; path = Assets.xcassets; sourceTree = "<group>"; };
		0AC8E5F52A136B62007F401A /* Base */ = {isa = PBXFileReference; lastKnownFileType = file.storyboard; name = Base; path = Base.lproj/LaunchScreen.storyboard; sourceTree = "<group>"; };
		0AC8E5F72A136B62007F401A /* Info.plist */ = {isa = PBXFileReference; lastKnownFileType = text.plist.xml; path = Info.plist; sourceTree = "<group>"; };
		91B8932C765CCA74B2BBE9E4 /* Pods-HalleyCocoaPodExample.release.xcconfig */ = {isa = PBXFileReference; includeInIndex = 1; lastKnownFileType = text.xcconfig; name = "Pods-HalleyCocoaPodExample.release.xcconfig"; path = "Target Support Files/Pods-HalleyCocoaPodExample/Pods-HalleyCocoaPodExample.release.xcconfig"; sourceTree = "<group>"; };
		BD72A6F5A4275D341C29147B /* Pods_HalleyCocoaPodExample.framework */ = {isa = PBXFileReference; explicitFileType = wrapper.framework; includeInIndex = 0; path = Pods_HalleyCocoaPodExample.framework; sourceTree = BUILT_PRODUCTS_DIR; };
		F15CFA8BE5C7C12B13EB1D09 /* Pods-HalleyCocoaPodExample.debug.xcconfig */ = {isa = PBXFileReference; includeInIndex = 1; lastKnownFileType = text.xcconfig; name = "Pods-HalleyCocoaPodExample.debug.xcconfig"; path = "Target Support Files/Pods-HalleyCocoaPodExample/Pods-HalleyCocoaPodExample.debug.xcconfig"; sourceTree = "<group>"; };
/* End PBXFileReference section */

/* Begin PBXFrameworksBuildPhase section */
		0AC8E5E32A136B62007F401A /* Frameworks */ = {
			isa = PBXFrameworksBuildPhase;
			buildActionMask = 2147483647;
			files = (
				CCA3139313524B276E3E0076 /* Pods_HalleyCocoaPodExample.framework in Frameworks */,
			);
			runOnlyForDeploymentPostprocessing = 0;
		};
/* End PBXFrameworksBuildPhase section */

/* Begin PBXGroup section */
		0AC8E5DD2A136B62007F401A = {
			isa = PBXGroup;
			children = (
				0AC8E5E82A136B62007F401A /* HalleyCocoaPodExample */,
				0AC8E5E72A136B62007F401A /* Products */,
				609DD7DEEE8A154D2D406309 /* Pods */,
				399C0C8DCDBF14B2C9CBB6EC /* Frameworks */,
			);
			sourceTree = "<group>";
		};
		0AC8E5E72A136B62007F401A /* Products */ = {
			isa = PBXGroup;
			children = (
				0AC8E5E62A136B62007F401A /* HalleyCocoaPodExample.app */,
			);
			name = Products;
			sourceTree = "<group>";
		};
		0AC8E5E82A136B62007F401A /* HalleyCocoaPodExample */ = {
			isa = PBXGroup;
			children = (
				0AC8E5E92A136B62007F401A /* AppDelegate.swift */,
				0AC8E5EB2A136B62007F401A /* SceneDelegate.swift */,
				0AC8E5ED2A136B62007F401A /* ViewController.swift */,
				0AC8E5EF2A136B62007F401A /* Main.storyboard */,
				0AC8E5F22A136B62007F401A /* Assets.xcassets */,
				0AC8E5F42A136B62007F401A /* LaunchScreen.storyboard */,
				0AC8E5F72A136B62007F401A /* Info.plist */,
			);
			path = HalleyCocoaPodExample;
			sourceTree = "<group>";
		};
		399C0C8DCDBF14B2C9CBB6EC /* Frameworks */ = {
			isa = PBXGroup;
			children = (
				BD72A6F5A4275D341C29147B /* Pods_HalleyCocoaPodExample.framework */,
			);
			name = Frameworks;
			sourceTree = "<group>";
		};
		609DD7DEEE8A154D2D406309 /* Pods */ = {
			isa = PBXGroup;
			children = (
				F15CFA8BE5C7C12B13EB1D09 /* Pods-HalleyCocoaPodExample.debug.xcconfig */,
				91B8932C765CCA74B2BBE9E4 /* Pods-HalleyCocoaPodExample.release.xcconfig */,
			);
			path = Pods;
			sourceTree = "<group>";
		};
/* End PBXGroup section */

/* Begin PBXNativeTarget section */
		0AC8E5E52A136B62007F401A /* HalleyCocoaPodExample */ = {
			isa = PBXNativeTarget;
			buildConfigurationList = 0AC8E5FA2A136B62007F401A /* Build configuration list for PBXNativeTarget "HalleyCocoaPodExample" */;
			buildPhases = (
				57E8781E115343B314E484DC /* [CP] Check Pods Manifest.lock */,
				0AC8E5E22A136B62007F401A /* Sources */,
				0AC8E5E32A136B62007F401A /* Frameworks */,
				0AC8E5E42A136B62007F401A /* Resources */,
				7D90E2C39770FDA531358CC6 /* [CP] Embed Pods Frameworks */,
			);
			buildRules = (
			);
			dependencies = (
			);
			name = HalleyCocoaPodExample;
			productName = HalleyCocoaPodExample;
			productReference = 0AC8E5E62A136B62007F401A /* HalleyCocoaPodExample.app */;
			productType = "com.apple.product-type.application";
		};
/* End PBXNativeTarget section */

/* Begin PBXProject section */
		0AC8E5DE2A136B62007F401A /* Project object */ = {
			isa = PBXProject;
			attributes = {
				BuildIndependentTargetsInParallel = 1;
				LastSwiftUpdateCheck = 1420;
				LastUpgradeCheck = 1420;
				TargetAttributes = {
					0AC8E5E52A136B62007F401A = {
						CreatedOnToolsVersion = 14.2;
					};
				};
			};
			buildConfigurationList = 0AC8E5E12A136B62007F401A /* Build configuration list for PBXProject "HalleyCocoaPodExample" */;
			compatibilityVersion = "Xcode 14.0";
			developmentRegion = en;
			hasScannedForEncodings = 0;
			knownRegions = (
				en,
				Base,
			);
			mainGroup = 0AC8E5DD2A136B62007F401A;
			productRefGroup = 0AC8E5E72A136B62007F401A /* Products */;
			projectDirPath = "";
			projectRoot = "";
			targets = (
				0AC8E5E52A136B62007F401A /* HalleyCocoaPodExample */,
			);
		};
/* End PBXProject section */

/* Begin PBXResourcesBuildPhase section */
		0AC8E5E42A136B62007F401A /* Resources */ = {
			isa = PBXResourcesBuildPhase;
			buildActionMask = 2147483647;
			files = (
				0AC8E5F62A136B62007F401A /* LaunchScreen.storyboard in Resources */,
				0AC8E5F32A136B62007F401A /* Assets.xcassets in Resources */,
				0AC8E5F12A136B62007F401A /* Main.storyboard in Resources */,
			);
			runOnlyForDeploymentPostprocessing = 0;
		};
/* End PBXResourcesBuildPhase section */

/* Begin PBXShellScriptBuildPhase section */
		57E8781E115343B314E484DC /* [CP] Check Pods Manifest.lock */ = {
			isa = PBXShellScriptBuildPhase;
			buildActionMask = 2147483647;
			files = (
			);
			inputFileListPaths = (
			);
			inputPaths = (
				"${PODS_PODFILE_DIR_PATH}/Podfile.lock",
				"${PODS_ROOT}/Manifest.lock",
			);
			name = "[CP] Check Pods Manifest.lock";
			outputFileListPaths = (
			);
			outputPaths = (
				"$(DERIVED_FILE_DIR)/Pods-HalleyCocoaPodExample-checkManifestLockResult.txt",
			);
			runOnlyForDeploymentPostprocessing = 0;
			shellPath = /bin/sh;
			shellScript = "diff \"${PODS_PODFILE_DIR_PATH}/Podfile.lock\" \"${PODS_ROOT}/Manifest.lock\" > /dev/null\nif [ $? != 0 ] ; then\n    # print error to STDERR\n    echo \"error: The sandbox is not in sync with the Podfile.lock. Run 'pod install' or update your CocoaPods installation.\" >&2\n    exit 1\nfi\n# This output is used by Xcode 'outputs' to avoid re-running this script phase.\necho \"SUCCESS\" > \"${SCRIPT_OUTPUT_FILE_0}\"\n";
			showEnvVarsInLog = 0;
		};
		7D90E2C39770FDA531358CC6 /* [CP] Embed Pods Frameworks */ = {
			isa = PBXShellScriptBuildPhase;
			buildActionMask = 2147483647;
			files = (
			);
			inputFileListPaths = (
				"${PODS_ROOT}/Target Support Files/Pods-HalleyCocoaPodExample/Pods-HalleyCocoaPodExample-frameworks-${CONFIGURATION}-input-files.xcfilelist",
			);
			name = "[CP] Embed Pods Frameworks";
			outputFileListPaths = (
				"${PODS_ROOT}/Target Support Files/Pods-HalleyCocoaPodExample/Pods-HalleyCocoaPodExample-frameworks-${CONFIGURATION}-output-files.xcfilelist",
			);
			runOnlyForDeploymentPostprocessing = 0;
			shellPath = /bin/sh;
			shellScript = "\"${PODS_ROOT}/Target Support Files/Pods-HalleyCocoaPodExample/Pods-HalleyCocoaPodExample-frameworks.sh\"\n";
			showEnvVarsInLog = 0;
		};
/* End PBXShellScriptBuildPhase section */

/* Begin PBXSourcesBuildPhase section */
		0AC8E5E22A136B62007F401A /* Sources */ = {
			isa = PBXSourcesBuildPhase;
			buildActionMask = 2147483647;
			files = (
				0AC8E5EE2A136B62007F401A /* ViewController.swift in Sources */,
				0AC8E5EA2A136B62007F401A /* AppDelegate.swift in Sources */,
				0AC8E5EC2A136B62007F401A /* SceneDelegate.swift in Sources */,
			);
			runOnlyForDeploymentPostprocessing = 0;
		};
/* End PBXSourcesBuildPhase section */

/* Begin PBXVariantGroup section */
		0AC8E5EF2A136B62007F401A /* Main.storyboard */ = {
			isa = PBXVariantGroup;
			children = (
				0AC8E5F02A136B62007F401A /* Base */,
			);
			name = Main.storyboard;
			sourceTree = "<group>";
		};
		0AC8E5F42A136B62007F401A /* LaunchScreen.storyboard */ = {
			isa = PBXVariantGroup;
			children = (
				0AC8E5F52A136B62007F401A /* Base */,
			);
			name = LaunchScreen.storyboard;
			sourceTree = "<group>";
		};
/* End PBXVariantGroup section */

/* Begin XCBuildConfiguration section */
		0AC8E5F82A136B62007F401A /* Debug */ = {
			isa = XCBuildConfiguration;
			buildSettings = {
				ALWAYS_SEARCH_USER_PATHS = NO;
				CLANG_ANALYZER_NONNULL = YES;
				CLANG_ANALYZER_NUMBER_OBJECT_CONVERSION = YES_AGGRESSIVE;
				CLANG_CXX_LANGUAGE_STANDARD = "gnu++20";
				CLANG_ENABLE_MODULES = YES;
				CLANG_ENABLE_OBJC_ARC = YES;
				CLANG_ENABLE_OBJC_WEAK = YES;
				CLANG_WARN_BLOCK_CAPTURE_AUTORELEASING = YES;
				CLANG_WARN_BOOL_CONVERSION = YES;
				CLANG_WARN_COMMA = YES;
				CLANG_WARN_CONSTANT_CONVERSION = YES;
				CLANG_WARN_DEPRECATED_OBJC_IMPLEMENTATIONS = YES;
				CLANG_WARN_DIRECT_OBJC_ISA_USAGE = YES_ERROR;
				CLANG_WARN_DOCUMENTATION_COMMENTS = YES;
				CLANG_WARN_EMPTY_BODY = YES;
				CLANG_WARN_ENUM_CONVERSION = YES;
				CLANG_WARN_INFINITE_RECURSION = YES;
				CLANG_WARN_INT_CONVERSION = YES;
				CLANG_WARN_NON_LITERAL_NULL_CONVERSION = YES;
				CLANG_WARN_OBJC_IMPLICIT_RETAIN_SELF = YES;
				CLANG_WARN_OBJC_LITERAL_CONVERSION = YES;
				CLANG_WARN_OBJC_ROOT_CLASS = YES_ERROR;
				CLANG_WARN_QUOTED_INCLUDE_IN_FRAMEWORK_HEADER = YES;
				CLANG_WARN_RANGE_LOOP_ANALYSIS = YES;
				CLANG_WARN_STRICT_PROTOTYPES = YES;
				CLANG_WARN_SUSPICIOUS_MOVE = YES;
				CLANG_WARN_UNGUARDED_AVAILABILITY = YES_AGGRESSIVE;
				CLANG_WARN_UNREACHABLE_CODE = YES;
				CLANG_WARN__DUPLICATE_METHOD_MATCH = YES;
				COPY_PHASE_STRIP = NO;
				DEBUG_INFORMATION_FORMAT = dwarf;
				ENABLE_STRICT_OBJC_MSGSEND = YES;
				ENABLE_TESTABILITY = YES;
				GCC_C_LANGUAGE_STANDARD = gnu11;
				GCC_DYNAMIC_NO_PIC = NO;
				GCC_NO_COMMON_BLOCKS = YES;
				GCC_OPTIMIZATION_LEVEL = 0;
				GCC_PREPROCESSOR_DEFINITIONS = (
					"DEBUG=1",
					"$(inherited)",
				);
				GCC_WARN_64_TO_32_BIT_CONVERSION = YES;
				GCC_WARN_ABOUT_RETURN_TYPE = YES_ERROR;
				GCC_WARN_UNDECLARED_SELECTOR = YES;
				GCC_WARN_UNINITIALIZED_AUTOS = YES_AGGRESSIVE;
				GCC_WARN_UNUSED_FUNCTION = YES;
				GCC_WARN_UNUSED_VARIABLE = YES;
				IPHONEOS_DEPLOYMENT_TARGET = 14.0;
				MTL_ENABLE_DEBUG_INFO = INCLUDE_SOURCE;
				MTL_FAST_MATH = YES;
				ONLY_ACTIVE_ARCH = YES;
				SDKROOT = iphoneos;
				SWIFT_ACTIVE_COMPILATION_CONDITIONS = DEBUG;
				SWIFT_OPTIMIZATION_LEVEL = "-Onone";
			};
			name = Debug;
		};
		0AC8E5F92A136B62007F401A /* Release */ = {
			isa = XCBuildConfiguration;
			buildSettings = {
				ALWAYS_SEARCH_USER_PATHS = NO;
				CLANG_ANALYZER_NONNULL = YES;
				CLANG_ANALYZER_NUMBER_OBJECT_CONVERSION = YES_AGGRESSIVE;
				CLANG_CXX_LANGUAGE_STANDARD = "gnu++20";
				CLANG_ENABLE_MODULES = YES;
				CLANG_ENABLE_OBJC_ARC = YES;
				CLANG_ENABLE_OBJC_WEAK = YES;
				CLANG_WARN_BLOCK_CAPTURE_AUTORELEASING = YES;
				CLANG_WARN_BOOL_CONVERSION = YES;
				CLANG_WARN_COMMA = YES;
				CLANG_WARN_CONSTANT_CONVERSION = YES;
				CLANG_WARN_DEPRECATED_OBJC_IMPLEMENTATIONS = YES;
				CLANG_WARN_DIRECT_OBJC_ISA_USAGE = YES_ERROR;
				CLANG_WARN_DOCUMENTATION_COMMENTS = YES;
				CLANG_WARN_EMPTY_BODY = YES;
				CLANG_WARN_ENUM_CONVERSION = YES;
				CLANG_WARN_INFINITE_RECURSION = YES;
				CLANG_WARN_INT_CONVERSION = YES;
				CLANG_WARN_NON_LITERAL_NULL_CONVERSION = YES;
				CLANG_WARN_OBJC_IMPLICIT_RETAIN_SELF = YES;
				CLANG_WARN_OBJC_LITERAL_CONVERSION = YES;
				CLANG_WARN_OBJC_ROOT_CLASS = YES_ERROR;
				CLANG_WARN_QUOTED_INCLUDE_IN_FRAMEWORK_HEADER = YES;
				CLANG_WARN_RANGE_LOOP_ANALYSIS = YES;
				CLANG_WARN_STRICT_PROTOTYPES = YES;
				CLANG_WARN_SUSPICIOUS_MOVE = YES;
				CLANG_WARN_UNGUARDED_AVAILABILITY = YES_AGGRESSIVE;
				CLANG_WARN_UNREACHABLE_CODE = YES;
				CLANG_WARN__DUPLICATE_METHOD_MATCH = YES;
				COPY_PHASE_STRIP = NO;
				DEBUG_INFORMATION_FORMAT = "dwarf-with-dsym";
				ENABLE_NS_ASSERTIONS = NO;
				ENABLE_STRICT_OBJC_MSGSEND = YES;
				GCC_C_LANGUAGE_STANDARD = gnu11;
				GCC_NO_COMMON_BLOCKS = YES;
				GCC_WARN_64_TO_32_BIT_CONVERSION = YES;
				GCC_WARN_ABOUT_RETURN_TYPE = YES_ERROR;
				GCC_WARN_UNDECLARED_SELECTOR = YES;
				GCC_WARN_UNINITIALIZED_AUTOS = YES_AGGRESSIVE;
				GCC_WARN_UNUSED_FUNCTION = YES;
				GCC_WARN_UNUSED_VARIABLE = YES;
				IPHONEOS_DEPLOYMENT_TARGET = 14.0;
				MTL_ENABLE_DEBUG_INFO = NO;
				MTL_FAST_MATH = YES;
				SDKROOT = iphoneos;
				SWIFT_COMPILATION_MODE = wholemodule;
				SWIFT_OPTIMIZATION_LEVEL = "-O";
				VALIDATE_PRODUCT = YES;
			};
			name = Release;
		};
		0AC8E5FB2A136B62007F401A /* Debug */ = {
			isa = XCBuildConfiguration;
			baseConfigurationReference = F15CFA8BE5C7C12B13EB1D09 /* Pods-HalleyCocoaPodExample.debug.xcconfig */;
			buildSettings = {
				ASSETCATALOG_COMPILER_APPICON_NAME = AppIcon;
				ASSETCATALOG_COMPILER_GLOBAL_ACCENT_COLOR_NAME = AccentColor;
				CODE_SIGN_STYLE = Automatic;
				CURRENT_PROJECT_VERSION = 1;
				GENERATE_INFOPLIST_FILE = YES;
				INFOPLIST_FILE = HalleyCocoaPodExample/Info.plist;
				INFOPLIST_KEY_UIApplicationSupportsIndirectInputEvents = YES;
				INFOPLIST_KEY_UILaunchStoryboardName = LaunchScreen;
				INFOPLIST_KEY_UIMainStoryboardFile = Main;
				INFOPLIST_KEY_UISupportedInterfaceOrientations_iPad = "UIInterfaceOrientationPortrait UIInterfaceOrientationPortraitUpsideDown UIInterfaceOrientationLandscapeLeft UIInterfaceOrientationLandscapeRight";
				INFOPLIST_KEY_UISupportedInterfaceOrientations_iPhone = "UIInterfaceOrientationPortrait UIInterfaceOrientationLandscapeLeft UIInterfaceOrientationLandscapeRight";
				LD_RUNPATH_SEARCH_PATHS = (
					"$(inherited)",
					"@executable_path/Frameworks",
				);
				MARKETING_VERSION = 1.0;
				PRODUCT_BUNDLE_IDENTIFIER = com.infinum.HalleyCocoaPodExample;
				PRODUCT_NAME = "$(TARGET_NAME)";
				SWIFT_EMIT_LOC_STRINGS = YES;
				SWIFT_VERSION = 5.0;
				TARGETED_DEVICE_FAMILY = "1,2";
			};
			name = Debug;
		};
		0AC8E5FC2A136B62007F401A /* Release */ = {
			isa = XCBuildConfiguration;
			baseConfigurationReference = 91B8932C765CCA74B2BBE9E4 /* Pods-HalleyCocoaPodExample.release.xcconfig */;
			buildSettings = {
				ASSETCATALOG_COMPILER_APPICON_NAME = AppIcon;
				ASSETCATALOG_COMPILER_GLOBAL_ACCENT_COLOR_NAME = AccentColor;
				CODE_SIGN_STYLE = Automatic;
				CURRENT_PROJECT_VERSION = 1;
				GENERATE_INFOPLIST_FILE = YES;
				INFOPLIST_FILE = HalleyCocoaPodExample/Info.plist;
				INFOPLIST_KEY_UIApplicationSupportsIndirectInputEvents = YES;
				INFOPLIST_KEY_UILaunchStoryboardName = LaunchScreen;
				INFOPLIST_KEY_UIMainStoryboardFile = Main;
				INFOPLIST_KEY_UISupportedInterfaceOrientations_iPad = "UIInterfaceOrientationPortrait UIInterfaceOrientationPortraitUpsideDown UIInterfaceOrientationLandscapeLeft UIInterfaceOrientationLandscapeRight";
				INFOPLIST_KEY_UISupportedInterfaceOrientations_iPhone = "UIInterfaceOrientationPortrait UIInterfaceOrientationLandscapeLeft UIInterfaceOrientationLandscapeRight";
				LD_RUNPATH_SEARCH_PATHS = (
					"$(inherited)",
					"@executable_path/Frameworks",
				);
				MARKETING_VERSION = 1.0;
				PRODUCT_BUNDLE_IDENTIFIER = com.infinum.HalleyCocoaPodExample;
				PRODUCT_NAME = "$(TARGET_NAME)";
				SWIFT_EMIT_LOC_STRINGS = YES;
				SWIFT_VERSION = 5.0;
				TARGETED_DEVICE_FAMILY = "1,2";
			};
			name = Release;
		};
/* End XCBuildConfiguration section */

/* Begin XCConfigurationList section */
		0AC8E5E12A136B62007F401A /* Build configuration list for PBXProject "HalleyCocoaPodExample" */ = {
			isa = XCConfigurationList;
			buildConfigurations = (
				0AC8E5F82A136B62007F401A /* Debug */,
				0AC8E5F92A136B62007F401A /* Release */,
			);
			defaultConfigurationIsVisible = 0;
			defaultConfigurationName = Release;
		};
		0AC8E5FA2A136B62007F401A /* Build configuration list for PBXNativeTarget "HalleyCocoaPodExample" */ = {
			isa = XCConfigurationList;
			buildConfigurations = (
				0AC8E5FB2A136B62007F401A /* Debug */,
				0AC8E5FC2A136B62007F401A /* Release */,
			);
			defaultConfigurationIsVisible = 0;
			defaultConfigurationName = Release;
		};
/* End XCConfigurationList section */
	};
	rootObject = 0AC8E5DE2A136B62007F401A /* Project object */;
}
