PODS:
  - Halley/Core (1.8.0)
  - Halley/Macro (1.8.0):
    - Halley/Core

DEPENDENCIES:
  - Halley/Macro (from `../..`)

EXTERNAL SOURCES:
  Halley:
    :path: "../.."

SPEC CHECKSUMS:
  Halley: dcad83951bf79548d5f39fe5620131da72a68615

PODFILE CHECKSUM: 76feb09771c8c2c0612794df414dddd352bf1712

COCOAPODS: 1.15.2
