PODS:
  - CombineExt (1.8.0)
  - Halley/Codable (1.2.6):
    - Halley/URITemplate
  - Halley/Core (1.2.6):
    - CombineExt
  - Halley/URITemplate (1.2.6):
    - Halley/Core
    - URITemplate
  - URITemplate (3.0.1)

DEPENDENCIES:
  - Halley/Codable (from `../..`)

SPEC REPOS:
  trunk:
    - CombineExt
    - URITemplate

EXTERNAL SOURCES:
  Halley:
    :path: "../.."

SPEC CHECKSUMS:
  CombineExt: c4daa97ef75754d8ef319bd79edeef82652f3eea
  Halley: 9cb63b328a9cf13ce3870dcc72a902e76e98a193
  URITemplate: 5f5a79f3e384884102c4e6b3325d159c20a8035a

PODFILE CHECKSUM: 2e1318a7c6250ef4d5fd86fdb24138b1f183ec0a

COCOAPODS: 1.12.1
